
Microsoft Visual Studio Solution File, Format Version 12.00
# Visual Studio Version 16
VisualStudioVersion = 16.0.29411.108
MinimumVisualStudioVersion = 10.0.40219.1
Project("{FAE04EC0-301F-11D3-BF4B-00C04F79EFBC}") = "version1.0", "version1.0\version1.0.csproj", "{26EFC304-88AE-4D63-87AF-8221227CAE71}"
EndProject
Global
	GlobalSection(SolutionConfigurationPlatforms) = preSolution
		Debug|Any CPU = Debug|Any CPU
		Release|Any CPU = Release|Any CPU
	EndGlobalSection
	GlobalSection(ProjectConfigurationPlatforms) = postSolution
		{26EFC304-88AE-4D63-87AF-8221227CAE71}.Debug|Any CPU.ActiveCfg = Debug|Any CPU
		{26EFC304-88AE-4D63-87AF-8221227CAE71}.Debug|Any CPU.Build.0 = Debug|Any CPU
		{26EFC304-88AE-4D63-87AF-8221227CAE71}.Release|Any CPU.ActiveCfg = Release|Any CPU
		{26EFC304-88AE-4D63-87AF-8221227CAE71}.Release|Any CPU.Build.0 = Release|Any CPU
	EndGlobalSection
	GlobalSection(SolutionProperties) = preSolution
		HideSolutionNode = FALSE
	EndGlobalSection
	GlobalSection(ExtensibilityGlobals) = postSolution
		SolutionGuid = {966D3A2E-2DB3-4FE4-B57B-6E8BE1081A16}
	EndGlobalSection
EndGlobal
